// !$*UTF8*$!
{
	archiveVersion = 1;
	classes = {
	};
	objectVersion = 46;
	objects = {

/* Begin PBXBuildFile section */
		833013561F43E21D0046C27D /* AppDelegate.swift in Sources */ = {isa = PBXBuildFile; fileRef = 833013551F43E21D0046C27D /* AppDelegate.swift */; };
		833013581F43E21D0046C27D /* ViewController.swift in Sources */ = {isa = PBXBuildFile; fileRef = 833013571F43E21D0046C27D /* ViewController.swift */; };
		8330135B1F43E21D0046C27D /* Main.storyboard in Resources */ = {isa = PBXBuildFile; fileRef = 833013591F43E21D0046C27D /* Main.storyboard */; };
		8330135D1F43E21D0046C27D /* Assets.xcassets in Resources */ = {isa = PBXBuildFile; fileRef = 8330135C1F43E21D0046C27D /* Assets.xcassets */; };
		833013601F43E21D0046C27D /* LaunchScreen.storyboard in Resources */ = {isa = PBXBuildFile; fileRef = 8330135E1F43E21D0046C27D /* LaunchScreen.storyboard */; };
		8330136B1F43E21D0046C27D /* swiftClassTests.swift in Sources */ = {isa = PBXBuildFile; fileRef = 8330136A1F43E21D0046C27D /* swiftClassTests.swift */; };
		833013761F43E21D0046C27D /* swiftClassUITests.swift in Sources */ = {isa = PBXBuildFile; fileRef = 833013751F43E21D0046C27D /* swiftClassUITests.swift */; };
/* End PBXBuildFile section */

/* Begin PBXContainerItemProxy section */
		833013671F43E21D0046C27D /* PBXContainerItemProxy */ = {
			isa = PBXContainerItemProxy;
			containerPortal = 8330134A1F43E21D0046C27D /* Project object */;
			proxyType = 1;
			remoteGlobalIDString = 833013511F43E21D0046C27D;
			remoteInfo = swiftClass;
		};
		833013721F43E21D0046C27D /* PBXContainerItemProxy */ = {
			isa = PBXContainerItemProxy;
			containerPortal = 8330134A1F43E21D0046C27D /* Project object */;
			proxyType = 1;
			remoteGlobalIDString = 833013511F43E21D0046C27D;
			remoteInfo = swiftClass;
		};
/* End PBXContainerItemProxy section */

/* Begin PBXFileReference section */
		833013521F43E21D0046C27D /* swiftClass.app */ = {isa = PBXFileReference; explicitFileType = wrapper.application; includeInIndex = 0; path = swiftClass.app; sourceTree = BUILT_PRODUCTS_DIR; };
		833013551F43E21D0046C27D /* AppDelegate.swift */ = {isa = PBXFileReference; lastKnownFileType = sourcecode.swift; path = AppDelegate.swift; sourceTree = "<group>"; };
		833013571F43E21D0046C27D /* ViewController.swift */ = {isa = PBXFileReference; lastKnownFileType = sourcecode.swift; path = ViewController.swift; sourceTree = "<group>"; };
		8330135A1F43E21D0046C27D /* Base */ = {isa = PBXFileReference; lastKnownFileType = file.storyboard; name = Base; path = Base.lproj/Main.storyboard; sourceTree = "<group>"; };
		8330135C1F43E21D0046C27D /* Assets.xcassets */ = {isa = PBXFileReference; lastKnownFileType = folder.assetcatalog; path = Assets.xcassets; sourceTree = "<group>"; };
		8330135F1F43E21D0046C27D /* Base */ = {isa = PBXFileReference; lastKnownFileType = file.storyboard; name = Base; path = Base.lproj/LaunchScreen.storyboard; sourceTree = "<group>"; };
		833013611F43E21D0046C27D /* Info.plist */ = {isa = PBXFileReference; lastKnownFileType = text.plist.xml; path = Info.plist; sourceTree = "<group>"; };
		833013661F43E21D0046C27D /* swiftClassTests.xctest */ = {isa = PBXFileReference; explicitFileType = wrapper.cfbundle; includeInIndex = 0; path = swiftClassTests.xctest; sourceTree = BUILT_PRODUCTS_DIR; };
		8330136A1F43E21D0046C27D /* swiftClassTests.swift */ = {isa = PBXFileReference; lastKnownFileType = sourcecode.swift; path = swiftClassTests.swift; sourceTree = "<group>"; };
		8330136C1F43E21D0046C27D /* Info.plist */ = {isa = PBXFileReference; lastKnownFileType = text.plist.xml; path = Info.plist; sourceTree = "<group>"; };
		833013711F43E21D0046C27D /* swiftClassUITests.xctest */ = {isa = PBXFileReference; explicitFileType = wrapper.cfbundle; includeInIndex = 0; path = swiftClassUITests.xctest; sourceTree = BUILT_PRODUCTS_DIR; };
		833013751F43E21D0046C27D /* swiftClassUITests.swift */ = {isa = PBXFileReference; lastKnownFileType = sourcecode.swift; path = swiftClassUITests.swift; sourceTree = "<group>"; };
		833013771F43E21D0046C27D /* Info.plist */ = {isa = PBXFileReference; lastKnownFileType = text.plist.xml; path = Info.plist; sourceTree = "<group>"; };
/* End PBXFileReference section */

/* Begin PBXFrameworksBuildPhase section */
		8330134F1F43E21D0046C27D /* Frameworks */ = {
			isa = PBXFrameworksBuildPhase;
			buildActionMask = 2147483647;
			files = (
			);
			runOnlyForDeploymentPostprocessing = 0;
		};
		833013631F43E21D0046C27D /* Frameworks */ = {
			isa = PBXFrameworksBuildPhase;
			buildActionMask = 2147483647;
			files = (
			);
			runOnlyForDeploymentPostprocessing = 0;
		};
		8330136E1F43E21D0046C27D /* Frameworks */ = {
			isa = PBXFrameworksBuildPhase;
			buildActionMask = 2147483647;
			files = (
			);
			runOnlyForDeploymentPostprocessing = 0;
		};
/* End PBXFrameworksBuildPhase section */

/* Begin PBXGroup section */
		833013491F43E21D0046C27D = {
			isa = PBXGroup;
			children = (
				833013541F43E21D0046C27D /* swiftClass */,
				833013691F43E21D0046C27D /* swiftClassTests */,
				833013741F43E21D0046C27D /* swiftClassUITests */,
				833013531F43E21D0046C27D /* Products */,
			);
			sourceTree = "<group>";
		};
		833013531F43E21D0046C27D /* Products */ = {
			isa = PBXGroup;
			children = (
				833013521F43E21D0046C27D /* swiftClass.app */,
				833013661F43E21D0046C27D /* swiftClassTests.xctest */,
				833013711F43E21D0046C27D /* swiftClassUITests.xctest */,
			);
			name = Products;
			sourceTree = "<group>";
		};
		833013541F43E21D0046C27D /* swiftClass */ = {
			isa = PBXGroup;
			children = (
				833013551F43E21D0046C27D /* AppDelegate.swift */,
				833013571F43E21D0046C27D /* ViewController.swift */,
				833013591F43E21D0046C27D /* Main.storyboard */,
				8330135C1F43E21D0046C27D /* Assets.xcassets */,
				8330135E1F43E21D0046C27D /* LaunchScreen.storyboard */,
				833013611F43E21D0046C27D /* Info.plist */,
			);
			path = swiftClass;
			sourceTree = "<group>";
		};
		833013691F43E21D0046C27D /* swiftClassTests */ = {
			isa = PBXGroup;
			children = (
				8330136A1F43E21D0046C27D /* swiftClassTests.swift */,
				8330136C1F43E21D0046C27D /* Info.plist */,
			);
			path = swiftClassTests;
			sourceTree = "<group>";
		};
		833013741F43E21D0046C27D /* swiftClassUITests */ = {
			isa = PBXGroup;
			children = (
				833013751F43E21D0046C27D /* swiftClassUITests.swift */,
				833013771F43E21D0046C27D /* Info.plist */,
			);
			path = swiftClassUITests;
			sourceTree = "<group>";
		};
/* End PBXGroup section */

/* Begin PBXNativeTarget section */
		833013511F43E21D0046C27D /* swiftClass */ = {
			isa = PBXNativeTarget;
			buildConfigurationList = 8330137A1F43E21D0046C27D /* Build configuration list for PBXNativeTarget "swiftClass" */;
			buildPhases = (
				8330134E1F43E21D0046C27D /* Sources */,
				8330134F1F43E21D0046C27D /* Frameworks */,
				833013501F43E21D0046C27D /* Resources */,
			);
			buildRules = (
			);
			dependencies = (
			);
			name = swiftClass;
			productName = swiftClass;
			productReference = 833013521F43E21D0046C27D /* swiftClass.app */;
			productType = "com.apple.product-type.application";
		};
		833013651F43E21D0046C27D /* swiftClassTests */ = {
			isa = PBXNativeTarget;
			buildConfigurationList = 8330137D1F43E21D0046C27D /* Build configuration list for PBXNativeTarget "swiftClassTests" */;
			buildPhases = (
				833013621F43E21D0046C27D /* Sources */,
				833013631F43E21D0046C27D /* Frameworks */,
				833013641F43E21D0046C27D /* Resources */,
			);
			buildRules = (
			);
			dependencies = (
				833013681F43E21D0046C27D /* PBXTargetDependency */,
			);
			name = swiftClassTests;
			productName = swiftClassTests;
			productReference = 833013661F43E21D0046C27D /* swiftClassTests.xctest */;
			productType = "com.apple.product-type.bundle.unit-test";
		};
		833013701F43E21D0046C27D /* swiftClassUITests */ = {
			isa = PBXNativeTarget;
			buildConfigurationList = 833013801F43E21D0046C27D /* Build configuration list for PBXNativeTarget "swiftClassUITests" */;
			buildPhases = (
				8330136D1F43E21D0046C27D /* Sources */,
				8330136E1F43E21D0046C27D /* Frameworks */,
				8330136F1F43E21D0046C27D /* Resources */,
			);
			buildRules = (
			);
			dependencies = (
				833013731F43E21D0046C27D /* PBXTargetDependency */,
			);
			name = swiftClassUITests;
			productName = swiftClassUITests;
			productReference = 833013711F43E21D0046C27D /* swiftClassUITests.xctest */;
			productType = "com.apple.product-type.bundle.ui-testing";
		};
/* End PBXNativeTarget section */

/* Begin PBXProject section */
		8330134A1F43E21D0046C27D /* Project object */ = {
			isa = PBXProject;
			attributes = {
				LastSwiftUpdateCheck = 0830;
				LastUpgradeCheck = 0830;
				ORGANIZATIONNAME = lianxiangpro;
				TargetAttributes = {
					833013511F43E21D0046C27D = {
						CreatedOnToolsVersion = 8.3.3;
						ProvisioningStyle = Automatic;
					};
					833013651F43E21D0046C27D = {
						CreatedOnToolsVersion = 8.3.3;
						ProvisioningStyle = Automatic;
						TestTargetID = 833013511F43E21D0046C27D;
					};
					833013701F43E21D0046C27D = {
						CreatedOnToolsVersion = 8.3.3;
						ProvisioningStyle = Automatic;
						TestTargetID = 833013511F43E21D0046C27D;
					};
				};
			};
			buildConfigurationList = 8330134D1F43E21D0046C27D /* Build configuration list for PBXProject "swiftClass" */;
			compatibilityVersion = "Xcode 3.2";
			developmentRegion = English;
			hasScannedForEncodings = 0;
			knownRegions = (
				en,
				Base,
			);
			mainGroup = 833013491F43E21D0046C27D;
			productRefGroup = 833013531F43E21D0046C27D /* Products */;
			projectDirPath = "";
			projectRoot = "";
			targets = (
				833013511F43E21D0046C27D /* swiftClass */,
				833013651F43E21D0046C27D /* swiftClassTests */,
				833013701F43E21D0046C27D /* swiftClassUITests */,
			);
		};
/* End PBXProject section */

/* Begin PBXResourcesBuildPhase section */
		833013501F43E21D0046C27D /* Resources */ = {
			isa = PBXResourcesBuildPhase;
			buildActionMask = 2147483647;
			files = (
				833013601F43E21D0046C27D /* LaunchScreen.storyboard in Resources */,
				8330135D1F43E21D0046C27D /* Assets.xcassets in Resources */,
				8330135B1F43E21D0046C27D /* Main.storyboard in Resources */,
			);
			runOnlyForDeploymentPostprocessing = 0;
		};
		833013641F43E21D0046C27D /* Resources */ = {
			isa = PBXResourcesBuildPhase;
			buildActionMask = 2147483647;
			files = (
			);
			runOnlyForDeploymentPostprocessing = 0;
		};
		8330136F1F43E21D0046C27D /* Resources */ = {
			isa = PBXResourcesBuildPhase;
			buildActionMask = 2147483647;
			files = (
			);
			runOnlyForDeploymentPostprocessing = 0;
		};
/* End PBXResourcesBuildPhase section */

/* Begin PBXSourcesBuildPhase section */
		8330134E1F43E21D0046C27D /* Sources */ = {
			isa = PBXSourcesBuildPhase;
			buildActionMask = 2147483647;
			files = (
				833013581F43E21D0046C27D /* ViewController.swift in Sources */,
				833013561F43E21D0046C27D /* AppDelegate.swift in Sources */,
			);
			runOnlyForDeploymentPostprocessing = 0;
		};
		833013621F43E21D0046C27D /* Sources */ = {
			isa = PBXSourcesBuildPhase;
			buildActionMask = 2147483647;
			files = (
				8330136B1F43E21D0046C27D /* swiftClassTests.swift in Sources */,
			);
			runOnlyForDeploymentPostprocessing = 0;
		};
		8330136D1F43E21D0046C27D /* Sources */ = {
			isa = PBXSourcesBuildPhase;
			buildActionMask = 2147483647;
			files = (
				833013761F43E21D0046C27D /* swiftClassUITests.swift in Sources */,
			);
			runOnlyForDeploymentPostprocessing = 0;
		};
/* End PBXSourcesBuildPhase section */

/* Begin PBXTargetDependency section */
		833013681F43E21D0046C27D /* PBXTargetDependency */ = {
			isa = PBXTargetDependency;
			target = 833013511F43E21D0046C27D /* swiftClass */;
			targetProxy = 833013671F43E21D0046C27D /* PBXContainerItemProxy */;
		};
		833013731F43E21D0046C27D /* PBXTargetDependency */ = {
			isa = PBXTargetDependency;
			target = 833013511F43E21D0046C27D /* swiftClass */;
			targetProxy = 833013721F43E21D0046C27D /* PBXContainerItemProxy */;
		};
/* End PBXTargetDependency section */

/* Begin PBXVariantGroup section */
		833013591F43E21D0046C27D /* Main.storyboard */ = {
			isa = PBXVariantGroup;
			children = (
				8330135A1F43E21D0046C27D /* Base */,
			);
			name = Main.storyboard;
			sourceTree = "<group>";
		};
		8330135E1F43E21D0046C27D /* LaunchScreen.storyboard */ = {
			isa = PBXVariantGroup;
			children = (
				8330135F1F43E21D0046C27D /* Base */,
			);
			name = LaunchScreen.storyboard;
			sourceTree = "<group>";
		};
/* End PBXVariantGroup section */

/* Begin XCBuildConfiguration section */
		833013781F43E21D0046C27D /* Debug */ = {
			isa = XCBuildConfiguration;
			buildSettings = {
				ALWAYS_SEARCH_USER_PATHS = NO;
				CLANG_ANALYZER_NONNULL = YES;
				CLANG_ANALYZER_NUMBER_OBJECT_CONVERSION = YES_AGGRESSIVE;
				CLANG_CXX_LANGUAGE_STANDARD = "gnu++0x";
				CLANG_CXX_LIBRARY = "libc++";
				CLANG_ENABLE_MODULES = YES;
				CLANG_ENABLE_OBJC_ARC = YES;
				CLANG_WARN_BOOL_CONVERSION = YES;
				CLANG_WARN_CONSTANT_CONVERSION = YES;
				CLANG_WARN_DIRECT_OBJC_ISA_USAGE = YES_ERROR;
				CLANG_WARN_DOCUMENTATION_COMMENTS = YES;
				CLANG_WARN_EMPTY_BODY = YES;
				CLANG_WARN_ENUM_CONVERSION = YES;
				CLANG_WARN_INFINITE_RECURSION = YES;
				CLANG_WARN_INT_CONVERSION = YES;
				CLANG_WARN_OBJC_ROOT_CLASS = YES_ERROR;
				CLANG_WARN_SUSPICIOUS_MOVE = YES;
				CLANG_WARN_UNREACHABLE_CODE = YES;
				CLANG_WARN__DUPLICATE_METHOD_MATCH = YES;
				"CODE_SIGN_IDENTITY[sdk=iphoneos*]" = "iPhone Developer";
				COPY_PHASE_STRIP = NO;
				DEBUG_INFORMATION_FORMAT = dwarf;
				ENABLE_STRICT_OBJC_MSGSEND = YES;
				ENABLE_TESTABILITY = YES;
				GCC_C_LANGUAGE_STANDARD = gnu99;
				GCC_DYNAMIC_NO_PIC = NO;
				GCC_NO_COMMON_BLOCKS = YES;
				GCC_OPTIMIZATION_LEVEL = 0;
				GCC_PREPROCESSOR_DEFINITIONS = (
					"DEBUG=1",
					"$(inherited)",
				);
				GCC_WARN_64_TO_32_BIT_CONVERSION = YES;
				GCC_WARN_ABOUT_RETURN_TYPE = YES_ERROR;
				GCC_WARN_UNDECLARED_SELECTOR = YES;
				GCC_WARN_UNINITIALIZED_AUTOS = YES_AGGRESSIVE;
				GCC_WARN_UNUSED_FUNCTION = YES;
				GCC_WARN_UNUSED_VARIABLE = YES;
				IPHONEOS_DEPLOYMENT_TARGET = 10.3;
				MTL_ENABLE_DEBUG_INFO = YES;
				ONLY_ACTIVE_ARCH = YES;
				SDKROOT = iphoneos;
				SWIFT_ACTIVE_COMPILATION_CONDITIONS = DEBUG;
				SWIFT_OPTIMIZATION_LEVEL = "-Onone";
				TARGETED_DEVICE_FAMILY = "1,2";
			};
			name = Debug;
		};
		833013791F43E21D0046C27D /* Release */ = {
			isa = XCBuildConfiguration;
			buildSettings = {
				ALWAYS_SEARCH_USER_PATHS = NO;
				CLANG_ANALYZER_NONNULL = YES;
				CLANG_ANALYZER_NUMBER_OBJECT_CONVERSION = YES_AGGRESSIVE;
				CLANG_CXX_LANGUAGE_STANDARD = "gnu++0x";
				CLANG_CXX_LIBRARY = "libc++";
				CLANG_ENABLE_MODULES = YES;
				CLANG_ENABLE_OBJC_ARC = YES;
				CLANG_WARN_BOOL_CONVERSION = YES;
				CLANG_WARN_CONSTANT_CONVERSION = YES;
				CLANG_WARN_DIRECT_OBJC_ISA_USAGE = YES_ERROR;
				CLANG_WARN_DOCUMENTATION_COMMENTS = YES;
				CLANG_WARN_EMPTY_BODY = YES;
				CLANG_WARN_ENUM_CONVERSION = YES;
				CLANG_WARN_INFINITE_RECURSION = YES;
				CLANG_WARN_INT_CONVERSION = YES;
				CLANG_WARN_OBJC_ROOT_CLASS = YES_ERROR;
				CLANG_WARN_SUSPICIOUS_MOVE = YES;
				CLANG_WARN_UNREACHABLE_CODE = YES;
				CLANG_WARN__DUPLICATE_METHOD_MATCH = YES;
				"CODE_SIGN_IDENTITY[sdk=iphoneos*]" = "iPhone Developer";
				COPY_PHASE_STRIP = NO;
				DEBUG_INFORMATION_FORMAT = "dwarf-with-dsym";
				ENABLE_NS_ASSERTIONS = NO;
				ENABLE_STRICT_OBJC_MSGSEND = YES;
				GCC_C_LANGUAGE_STANDARD = gnu99;
				GCC_NO_COMMON_BLOCKS = YES;
				GCC_WARN_64_TO_32_BIT_CONVERSION = YES;
				GCC_WARN_ABOUT_RETURN_TYPE = YES_ERROR;
				GCC_WARN_UNDECLARED_SELECTOR = YES;
				GCC_WARN_UNINITIALIZED_AUTOS = YES_AGGRESSIVE;
				GCC_WARN_UNUSED_FUNCTION = YES;
				GCC_WARN_UNUSED_VARIABLE = YES;
				IPHONEOS_DEPLOYMENT_TARGET = 10.3;
				MTL_ENABLE_DEBUG_INFO = NO;
				SDKROOT = iphoneos;
				SWIFT_OPTIMIZATION_LEVEL = "-Owholemodule";
				TARGETED_DEVICE_FAMILY = "1,2";
				VALIDATE_PRODUCT = YES;
			};
			name = Release;
		};
		8330137B1F43E21D0046C27D /* Debug */ = {
			isa = XCBuildConfiguration;
			buildSettings = {
				ASSETCATALOG_COMPILER_APPICON_NAME = AppIcon;
				INFOPLIST_FILE = swiftClass/Info.plist;
				LD_RUNPATH_SEARCH_PATHS = "$(inherited) @executable_path/Frameworks";
				PRODUCT_BUNDLE_IDENTIFIER = lianxiang.swiftClass;
				PRODUCT_NAME = "$(TARGET_NAME)";
				SWIFT_VERSION = 3.0;
			};
			name = Debug;
		};
		8330137C1F43E21D0046C27D /* Release */ = {
			isa = XCBuildConfiguration;
			buildSettings = {
				ASSETCATALOG_COMPILER_APPICON_NAME = AppIcon;
				INFOPLIST_FILE = swiftClass/Info.plist;
				LD_RUNPATH_SEARCH_PATHS = "$(inherited) @executable_path/Frameworks";
				PRODUCT_BUNDLE_IDENTIFIER = lianxiang.swiftClass;
				PRODUCT_NAME = "$(TARGET_NAME)";
				SWIFT_VERSION = 3.0;
			};
			name = Release;
		};
		8330137E1F43E21D0046C27D /* Debug */ = {
			isa = XCBuildConfiguration;
			buildSettings = {
				ALWAYS_EMBED_SWIFT_STANDARD_LIBRARIES = YES;
				BUNDLE_LOADER = "$(TEST_HOST)";
				INFOPLIST_FILE = swiftClassTests/Info.plist;
				LD_RUNPATH_SEARCH_PATHS = "$(inherited) @executable_path/Frameworks @loader_path/Frameworks";
				PRODUCT_BUNDLE_IDENTIFIER = lianxiang.swiftClassTests;
				PRODUCT_NAME = "$(TARGET_NAME)";
				SWIFT_VERSION = 3.0;
				TEST_HOST = "$(BUILT_PRODUCTS_DIR)/swiftClass.app/swiftClass";
			};
			name = Debug;
		};
		8330137F1F43E21D0046C27D /* Release */ = {
			isa = XCBuildConfiguration;
			buildSettings = {
				ALWAYS_EMBED_SWIFT_STANDARD_LIBRARIES = YES;
				BUNDLE_LOADER = "$(TEST_HOST)";
				INFOPLIST_FILE = swiftClassTests/Info.plist;
				LD_RUNPATH_SEARCH_PATHS = "$(inherited) @executable_path/Frameworks @loader_path/Frameworks";
				PRODUCT_BUNDLE_IDENTIFIER = lianxiang.swiftClassTests;
				PRODUCT_NAME = "$(TARGET_NAME)";
				SWIFT_VERSION = 3.0;
				TEST_HOST = "$(BUILT_PRODUCTS_DIR)/swiftClass.app/swiftClass";
			};
			name = Release;
		};
		833013811F43E21D0046C27D /* Debug */ = {
			isa = XCBuildConfiguration;
			buildSettings = {
				ALWAYS_EMBED_SWIFT_STANDARD_LIBRARIES = YES;
				INFOPLIST_FILE = swiftClassUITests/Info.plist;
				LD_RUNPATH_SEARCH_PATHS = "$(inherited) @executable_path/Frameworks @loader_path/Frameworks";
				PRODUCT_BUNDLE_IDENTIFIER = lianxiang.swiftClassUITests;
				PRODUCT_NAME = "$(TARGET_NAME)";
				SWIFT_VERSION = 3.0;
				TEST_TARGET_NAME = swiftClass;
			};
			name = Debug;
		};
		833013821F43E21D0046C27D /* Release */ = {
			isa = XCBuildConfiguration;
			buildSettings = {
				ALWAYS_EMBED_SWIFT_STANDARD_LIBRARIES = YES;
				INFOPLIST_FILE = swiftClassUITests/Info.plist;
				LD_RUNPATH_SEARCH_PATHS = "$(inherited) @executable_path/Frameworks @loader_path/Frameworks";
				PRODUCT_BUNDLE_IDENTIFIER = lianxiang.swiftClassUITests;
				PRODUCT_NAME = "$(TARGET_NAME)";
				SWIFT_VERSION = 3.0;
				TEST_TARGET_NAME = swiftClass;
			};
			name = Release;
		};
/* End XCBuildConfiguration section */

/* Begin XCConfigurationList section */
		8330134D1F43E21D0046C27D /* Build configuration list for PBXProject "swiftClass" */ = {
			isa = XCConfigurationList;
			buildConfigurations = (
				833013781F43E21D0046C27D /* Debug */,
				833013791F43E21D0046C27D /* Release */,
			);
			defaultConfigurationIsVisible = 0;
			defaultConfigurationName = Release;
		};
		8330137A1F43E21D0046C27D /* Build configuration list for PBXNativeTarget "swiftClass" */ = {
			isa = XCConfigurationList;
			buildConfigurations = (
				8330137B1F43E21D0046C27D /* Debug */,
				8330137C1F43E21D0046C27D /* Release */,
			);
			defaultConfigurationIsVisible = 0;
		};
		8330137D1F43E21D0046C27D /* Build configuration list for PBXNativeTarget "swiftClassTests" */ = {
			isa = XCConfigurationList;
			buildConfigurations = (
				8330137E1F43E21D0046C27D /* Debug */,
				8330137F1F43E21D0046C27D /* Release */,
			);
			defaultConfigurationIsVisible = 0;
		};
		833013801F43E21D0046C27D /* Build configuration list for PBXNativeTarget "swiftClassUITests" */ = {
			isa = XCConfigurationList;
			buildConfigurations = (
				833013811F43E21D0046C27D /* Debug */,
				833013821F43E21D0046C27D /* Release */,
			);
			defaultConfigurationIsVisible = 0;
		};
/* End XCConfigurationList section */
	};
	rootObject = 8330134A1F43E21D0046C27D /* Project object */;
}
